
Microsoft Visual Studio Solution File, Format Version 12.00
# Visual Studio Version 17
VisualStudioVersion = 17.13.35931.197
MinimumVisualStudioVersion = 10.0.40219.1
Project("{2150E333-8FDC-42A3-9474-1A3956D46DE8}") = "src", "src", "{02EA681E-C7D8-13C7-8484-4AC65E1B71E8}"
EndProject
Project("{2150E333-8FDC-42A3-9474-1A3956D46DE8}") = "Core", "Core", "{36F1E443-8EEB-417A-A626-B46C37875726}"
EndProject
Project("{2150E333-8FDC-42A3-9474-1A3956D46DE8}") = "Infra", "Infra", "{1EFA8669-3D99-40D4-A889-B2A2D42738CA}"
EndProject
Project("{FAE04EC0-301F-11D3-BF4B-00C04F79EFBC}") = "RankTracker.Domain", "RankTracker.Domain\RankTracker.Domain.csproj", "{DBB66F4B-3C09-40FC-A2C7-569D4123A17A}"
EndProject
Project("{FAE04EC0-301F-11D3-BF4B-00C04F79EFBC}") = "RankTracker.Application", "RankTracker.Application\RankTracker.Application.csproj", "{86A7F12B-C5D0-4C9A-86C2-433CF57BF5E7}"
EndProject
Project("{FAE04EC0-301F-11D3-BF4B-00C04F79EFBC}") = "RankTracker.Persistence", "RankTracker.Persistence\RankTracker.Persistence.csproj", "{AAC58BFC-4124-4AFC-ABCB-67198318ED12}"
EndProject
Project("{FAE04EC0-301F-11D3-BF4B-00C04F79EFBC}") = "RankTracker.Service", "RankTracker.Service\RankTracker.Service.csproj", "{52440B01-82E8-465B-A6D0-333AA46E093B}"
EndProject
Project("{54A90642-561A-4BB1-A94E-469ADEE60C69}") = "RankTracker.UI", "RankTracker.UI\RankTracker.UI.esproj", "{25D2591B-8541-996F-C4AC-ED0CA93059F8}"
EndProject
Project("{FAE04EC0-301F-11D3-BF4B-00C04F79EFBC}") = "RankTracker.Api", "RankTracker.Api\RankTracker.Api.csproj", "{ECEB2636-3835-4885-8B2C-D4B1602F3C50}"
EndProject
Project("{00D1A9C2-B5F0-4AF3-8072-F6C62B433612}") = "RankTracker.DbDeploy", "RankTracker.DbDeploy\RankTracker.DbDeploy.sqlproj", "{8146442F-7A23-4F3F-85A3-11660705F8ED}"
EndProject
Global
	GlobalSection(SolutionConfigurationPlatforms) = preSolution
		Debug|Any CPU = Debug|Any CPU
		Release|Any CPU = Release|Any CPU
	EndGlobalSection
	GlobalSection(ProjectConfigurationPlatforms) = postSolution
		{DBB66F4B-3C09-40FC-A2C7-569D4123A17A}.Debug|Any CPU.ActiveCfg = Debug|Any CPU
		{DBB66F4B-3C09-40FC-A2C7-569D4123A17A}.Debug|Any CPU.Build.0 = Debug|Any CPU
		{DBB66F4B-3C09-40FC-A2C7-569D4123A17A}.Release|Any CPU.ActiveCfg = Release|Any CPU
		{DBB66F4B-3C09-40FC-A2C7-569D4123A17A}.Release|Any CPU.Build.0 = Release|Any CPU
		{86A7F12B-C5D0-4C9A-86C2-433CF57BF5E7}.Debug|Any CPU.ActiveCfg = Debug|Any CPU
		{86A7F12B-C5D0-4C9A-86C2-433CF57BF5E7}.Debug|Any CPU.Build.0 = Debug|Any CPU
		{86A7F12B-C5D0-4C9A-86C2-433CF57BF5E7}.Release|Any CPU.ActiveCfg = Release|Any CPU
		{86A7F12B-C5D0-4C9A-86C2-433CF57BF5E7}.Release|Any CPU.Build.0 = Release|Any CPU
		{AAC58BFC-4124-4AFC-ABCB-67198318ED12}.Debug|Any CPU.ActiveCfg = Debug|Any CPU
		{AAC58BFC-4124-4AFC-ABCB-67198318ED12}.Debug|Any CPU.Build.0 = Debug|Any CPU
		{AAC58BFC-4124-4AFC-ABCB-67198318ED12}.Release|Any CPU.ActiveCfg = Release|Any CPU
		{AAC58BFC-4124-4AFC-ABCB-67198318ED12}.Release|Any CPU.Build.0 = Release|Any CPU
		{52440B01-82E8-465B-A6D0-333AA46E093B}.Debug|Any CPU.ActiveCfg = Debug|Any CPU
		{52440B01-82E8-465B-A6D0-333AA46E093B}.Debug|Any CPU.Build.0 = Debug|Any CPU
		{52440B01-82E8-465B-A6D0-333AA46E093B}.Release|Any CPU.ActiveCfg = Release|Any CPU
		{52440B01-82E8-465B-A6D0-333AA46E093B}.Release|Any CPU.Build.0 = Release|Any CPU
		{25D2591B-8541-996F-C4AC-ED0CA93059F8}.Debug|Any CPU.ActiveCfg = Debug|Any CPU
		{25D2591B-8541-996F-C4AC-ED0CA93059F8}.Debug|Any CPU.Build.0 = Debug|Any CPU
		{25D2591B-8541-996F-C4AC-ED0CA93059F8}.Debug|Any CPU.Deploy.0 = Debug|Any CPU
		{25D2591B-8541-996F-C4AC-ED0CA93059F8}.Release|Any CPU.ActiveCfg = Release|Any CPU
		{25D2591B-8541-996F-C4AC-ED0CA93059F8}.Release|Any CPU.Build.0 = Release|Any CPU
		{25D2591B-8541-996F-C4AC-ED0CA93059F8}.Release|Any CPU.Deploy.0 = Release|Any CPU
		{ECEB2636-3835-4885-8B2C-D4B1602F3C50}.Debug|Any CPU.ActiveCfg = Debug|Any CPU
		{ECEB2636-3835-4885-8B2C-D4B1602F3C50}.Debug|Any CPU.Build.0 = Debug|Any CPU
		{ECEB2636-3835-4885-8B2C-D4B1602F3C50}.Release|Any CPU.ActiveCfg = Release|Any CPU
		{ECEB2636-3835-4885-8B2C-D4B1602F3C50}.Release|Any CPU.Build.0 = Release|Any CPU
		{8146442F-7A23-4F3F-85A3-11660705F8ED}.Debug|Any CPU.ActiveCfg = Debug|Any CPU
		{8146442F-7A23-4F3F-85A3-11660705F8ED}.Debug|Any CPU.Build.0 = Debug|Any CPU
		{8146442F-7A23-4F3F-85A3-11660705F8ED}.Debug|Any CPU.Deploy.0 = Debug|Any CPU
		{8146442F-7A23-4F3F-85A3-11660705F8ED}.Release|Any CPU.ActiveCfg = Release|Any CPU
		{8146442F-7A23-4F3F-85A3-11660705F8ED}.Release|Any CPU.Build.0 = Release|Any CPU
		{8146442F-7A23-4F3F-85A3-11660705F8ED}.Release|Any CPU.Deploy.0 = Release|Any CPU
	EndGlobalSection
	GlobalSection(SolutionProperties) = preSolution
		HideSolutionNode = FALSE
	EndGlobalSection
	GlobalSection(NestedProjects) = preSolution
		{36F1E443-8EEB-417A-A626-B46C37875726} = {02EA681E-C7D8-13C7-8484-4AC65E1B71E8}
		{1EFA8669-3D99-40D4-A889-B2A2D42738CA} = {02EA681E-C7D8-13C7-8484-4AC65E1B71E8}
		{DBB66F4B-3C09-40FC-A2C7-569D4123A17A} = {36F1E443-8EEB-417A-A626-B46C37875726}
		{86A7F12B-C5D0-4C9A-86C2-433CF57BF5E7} = {36F1E443-8EEB-417A-A626-B46C37875726}
		{AAC58BFC-4124-4AFC-ABCB-67198318ED12} = {1EFA8669-3D99-40D4-A889-B2A2D42738CA}
		{52440B01-82E8-465B-A6D0-333AA46E093B} = {1EFA8669-3D99-40D4-A889-B2A2D42738CA}
		{25D2591B-8541-996F-C4AC-ED0CA93059F8} = {02EA681E-C7D8-13C7-8484-4AC65E1B71E8}
		{ECEB2636-3835-4885-8B2C-D4B1602F3C50} = {02EA681E-C7D8-13C7-8484-4AC65E1B71E8}
		{8146442F-7A23-4F3F-85A3-11660705F8ED} = {1EFA8669-3D99-40D4-A889-B2A2D42738CA}
	EndGlobalSection
	GlobalSection(ExtensibilityGlobals) = postSolution
		SolutionGuid = {70AA196B-E987-4837-93CC-711FCD00C0E2}
	EndGlobalSection
EndGlobal
